
Microsoft Visual Studio Solution File, Format Version 12.00
# Visual Studio Version 17
VisualStudioVersion = 17.4.33122.133
MinimumVisualStudioVersion = 10.0.40219.1
Project("{FAE04EC0-301F-11D3-BF4B-00C04F79EFBC}") = "FiguresLib", "FiguresLib\FiguresLib.csproj", "{3555B979-27E7-44F2-85BE-05C49A8D44E5}"
EndProject
Project("{FAE04EC0-301F-11D3-BF4B-00C04F79EFBC}") = "ConsoleApp1", "ConsoleApp1\ConsoleApp1.csproj", "{C2E7930A-5065-4884-ADC5-320E83BEEC1C}"
EndProject
Project("{FAE04EC0-301F-11D3-BF4B-00C04F79EFBC}") = "FiguresTest", "FiguresTest\FiguresTest.csproj", "{F2D657DC-023B-4048-8A37-549ADE0AF5DD}"
EndProject
Global
	GlobalSection(SolutionConfigurationPlatforms) = preSolution
		Debug|Any CPU = Debug|Any CPU
		Release|Any CPU = Release|Any CPU
	EndGlobalSection
	GlobalSection(ProjectConfigurationPlatforms) = postSolution
		{3555B979-27E7-44F2-85BE-05C49A8D44E5}.Debug|Any CPU.ActiveCfg = Debug|Any CPU
		{3555B979-27E7-44F2-85BE-05C49A8D44E5}.Debug|Any CPU.Build.0 = Debug|Any CPU
		{3555B979-27E7-44F2-85BE-05C49A8D44E5}.Release|Any CPU.ActiveCfg = Release|Any CPU
		{3555B979-27E7-44F2-85BE-05C49A8D44E5}.Release|Any CPU.Build.0 = Release|Any CPU
		{C2E7930A-5065-4884-ADC5-320E83BEEC1C}.Debug|Any CPU.ActiveCfg = Debug|Any CPU
		{C2E7930A-5065-4884-ADC5-320E83BEEC1C}.Debug|Any CPU.Build.0 = Debug|Any CPU
		{C2E7930A-5065-4884-ADC5-320E83BEEC1C}.Release|Any CPU.ActiveCfg = Release|Any CPU
		{C2E7930A-5065-4884-ADC5-320E83BEEC1C}.Release|Any CPU.Build.0 = Release|Any CPU
		{F2D657DC-023B-4048-8A37-549ADE0AF5DD}.Debug|Any CPU.ActiveCfg = Debug|Any CPU
		{F2D657DC-023B-4048-8A37-549ADE0AF5DD}.Debug|Any CPU.Build.0 = Debug|Any CPU
		{F2D657DC-023B-4048-8A37-549ADE0AF5DD}.Release|Any CPU.ActiveCfg = Release|Any CPU
		{F2D657DC-023B-4048-8A37-549ADE0AF5DD}.Release|Any CPU.Build.0 = Release|Any CPU
	EndGlobalSection
	GlobalSection(SolutionProperties) = preSolution
		HideSolutionNode = FALSE
	EndGlobalSection
	GlobalSection(ExtensibilityGlobals) = postSolution
		SolutionGuid = {9C5107D5-2855-4135-8538-8BC85A3B1AAE}
	EndGlobalSection
EndGlobal
